{
  "requires": true,
  "lockfileVersion": 1,
  "dependencies": {
    "barcode-detector-polyfill": {
      "version": "0.1.2",
      "resolved": "https://registry.npmjs.org/barcode-detector-polyfill/-/barcode-detector-polyfill-0.1.2.tgz",
      "integrity": "sha1-FcUrQJx9Bfc/d9l1BaNFCJLYjUI="
    }
  }
}
